
Microsoft Visual Studio Solution File, Format Version 12.00
# Visual Studio Version 16
VisualStudioVersion = 16.0.31424.327
MinimumVisualStudioVersion = 10.0.40219.1
Project("{2150E333-8FDC-42A3-9474-1A3956D46DE8}") = "Framework", "Framework", "{46681977-1C26-4E05-9D86-B092E0D3F332}"
EndProject
Project("{8BC9CEB8-8B4A-11D0-8D11-00A0C91BC942}") = "Core", "Framework\Core\Core.vcxproj", "{5A3039F6-874F-4D40-BD27-AA5A37CFE12F}"
EndProject
Project("{2150E333-8FDC-42A3-9474-1A3956D46DE8}") = "VGP242", "VGP242", "{D405D833-003F-4A0A-B831-6ACFEF26AA31}"
EndProject
Project("{8BC9CEB8-8B4A-11D0-8D11-00A0C91BC942}") = "00_HelloWorld", "VGP242\00_HelloWorld\00_HelloWorld.vcxproj", "{79DFB027-F97F-4A74-A511-B351A1ACC435}"
EndProject
Project("{8BC9CEB8-8B4A-11D0-8D11-00A0C91BC942}") = "Math", "Framework\Math\Math.vcxproj", "{7C5605C1-6C4D-421B-A904-9893BD37AB90}"
EndProject
Project("{2150E333-8FDC-42A3-9474-1A3956D46DE8}") = "UnitTests", "UnitTests", "{3A258DE4-1CDF-412A-98D5-EFDD25E0AAE0}"
EndProject
Project("{8BC9CEB8-8B4A-11D0-8D11-00A0C91BC942}") = "MathTest", "UnitTests\MathTest\MathTest.vcxproj", "{44C793C1-BBD9-497D-91CB-3D863D1150FB}"
EndProject
Project("{8BC9CEB8-8B4A-11D0-8D11-00A0C91BC942}") = "01_HelloWindow", "VGP242\01_HelloWindow\01_HelloWindow.vcxproj", "{37A0C72A-85C1-43C8-B2FB-B00BD1C13727}"
EndProject
Project("{8BC9CEB8-8B4A-11D0-8D11-00A0C91BC942}") = "Graphics", "Framework\Graphics\Graphics.vcxproj", "{EDFD8C31-F01F-4272-A421-065157D97EE4}"
EndProject
Project("{8BC9CEB8-8B4A-11D0-8D11-00A0C91BC942}") = "02_HelloDirectX", "VGP242\02_HelloDirectX\02_HelloDirectX.vcxproj", "{CDC4AED9-B1F2-4900-994F-11F9DA5F685F}"
EndProject
Project("{2150E333-8FDC-42A3-9474-1A3956D46DE8}") = "Engine", "Engine", "{42E35930-F709-4F9B-BA98-ADD6A391EF34}"
EndProject
Project("{8BC9CEB8-8B4A-11D0-8D11-00A0C91BC942}") = "BOTE", "Engine\BOTE\BOTE.vcxproj", "{2AB6236A-8D99-492B-AC6A-3FFA138F6325}"
EndProject
Project("{8BC9CEB8-8B4A-11D0-8D11-00A0C91BC942}") = "03_HelloTriangle", "VGP242\03_HelloTriangle\03_HelloTriangle.vcxproj", "{52389DE3-F991-4E55-B259-552DA91CEBD8}"
EndProject
Project("{2150E333-8FDC-42A3-9474-1A3956D46DE8}") = "Assets", "Assets", "{D39F079F-F0DF-4519-8F30-3077417B793E}"
EndProject
Project("{2150E333-8FDC-42A3-9474-1A3956D46DE8}") = "Shaders", "Shaders", "{5F323728-E7A0-4430-BA66-AEF0CDCC5306}"
	ProjectSection(SolutionItems) = preProject
		Assets\Shaders\DoColor.fx = Assets\Shaders\DoColor.fx
		Assets\Shaders\DoNothing.fx = Assets\Shaders\DoNothing.fx
		Assets\Shaders\DoTexturing.fx = Assets\Shaders\DoTexturing.fx
		Assets\Shaders\DoTransform.fx = Assets\Shaders\DoTransform.fx
		Assets\Shaders\GaussianBlur.fx = Assets\Shaders\GaussianBlur.fx
		Assets\Shaders\PostProcessing.fx = Assets\Shaders\PostProcessing.fx
		Assets\Shaders\ReflectionShader.fx = Assets\Shaders\ReflectionShader.fx
		Assets\Shaders\Shadow.fx = Assets\Shaders\Shadow.fx
		Assets\Shaders\SimpleDraw.fx = Assets\Shaders\SimpleDraw.fx
		Assets\Shaders\Standard.fx = Assets\Shaders\Standard.fx
		Assets\Shaders\Texturing.fx = Assets\Shaders\Texturing.fx
	EndProjectSection
EndProject
Project("{8BC9CEB8-8B4A-11D0-8D11-00A0C91BC942}") = "04_HelloShapes", "VGP242\04_HelloShapes\04_HelloShapes.vcxproj", "{50DD43C2-8497-4FE7-A004-890F01D46472}"
EndProject
Project("{8BC9CEB8-8B4A-11D0-8D11-00A0C91BC942}") = "05_HelloCube", "VGP242\05_HelloCube\05_HelloCube.vcxproj", "{8E0C7AE2-3837-4943-9496-1D8EF371B4CC}"
EndProject
Project("{2150E333-8FDC-42A3-9474-1A3956D46DE8}") = "External", "External", "{3FA75677-F7CA-4B59-854A-0F78C10FB5E4}"
EndProject
Project("{8BC9CEB8-8B4A-11D0-8D11-00A0C91BC942}") = "DirectXTK_Desktop_2019", "External\DirectXTK\DirectXTK_Desktop_2019.vcxproj", "{E0B52AE7-E160-4D32-BF3F-910B785E5A8E}"
EndProject
Project("{8BC9CEB8-8B4A-11D0-8D11-00A0C91BC942}") = "Input", "Framework\Input\Input.vcxproj", "{86DDB538-B07C-4B86-8FDC-F1251B0A7221}"
EndProject
Project("{2150E333-8FDC-42A3-9474-1A3956D46DE8}") = "VGP330", "VGP330", "{39B7746D-E15D-4D1F-BD2F-A09E92D12AAF}"
EndProject
Project("{8BC9CEB8-8B4A-11D0-8D11-00A0C91BC942}") = "06_HelloLighting", "VGP330\06_HelloLighting\06_HelloLighting.vcxproj", "{61377E5B-73F6-403C-98AD-B679A32C30B0}"
EndProject
Project("{8BC9CEB8-8B4A-11D0-8D11-00A0C91BC942}") = "ImGui", "External\ImGui\ImGui.vcxproj", "{868571D8-A3F0-4107-BE67-C929DE8D131D}"
EndProject
Project("{8BC9CEB8-8B4A-11D0-8D11-00A0C91BC942}") = "08_HelloPostProcessing", "VGP330\08_HelloPostProcessing\08_HelloPostProcessing.vcxproj", "{97352898-48B0-4BC7-AE82-4D77209AE991}"
EndProject
Project("{8BC9CEB8-8B4A-11D0-8D11-00A0C91BC942}") = "07_HelloSimpleDraw", "VGP330\07_HelloSimpleDraw\07_HelloSimpleDraw.vcxproj", "{DBAA4210-495C-484E-84AF-7EBE9CDA7E48}"
EndProject
Project("{8BC9CEB8-8B4A-11D0-8D11-00A0C91BC942}") = "09_HelloBloom", "VGP330\09_HelloBloom\09_HelloBloom.vcxproj", "{9D8AC6F0-9489-450A-AE07-54CF24476306}"
EndProject
Project("{8BC9CEB8-8B4A-11D0-8D11-00A0C91BC942}") = "10_HelloShadow", "VGP330\10_HelloShadow\10_HelloShadow.vcxproj", "{519798B1-C868-47A1-9701-2D1972EE58C8}"
EndProject
Project("{2150E333-8FDC-42A3-9474-1A3956D46DE8}") = "Tools", "Tools", "{AF48201B-2919-4C8E-813A-99EF5D7C65E5}"
EndProject
Project("{8BC9CEB8-8B4A-11D0-8D11-00A0C91BC942}") = "ModelImporter", "Tools\ModelImporter\ModelImporter.vcxproj", "{E804E018-FC48-407B-9316-3349189B470A}"
EndProject
Project("{8BC9CEB8-8B4A-11D0-8D11-00A0C91BC942}") = "VGP330_FinalProject", "VGP330\VGP330_FinalProject\VGP330_FinalProject.vcxproj", "{3F3711A0-5F4B-452B-8C1B-65A77CA7EFF3}"
EndProject
Project("{2150E333-8FDC-42A3-9474-1A3956D46DE8}") = "VGP334", "VGP334", "{1CEF23D7-EEA4-4E40-8CFB-D62582B195C7}"
EndProject
Project("{8BC9CEB8-8B4A-11D0-8D11-00A0C91BC942}") = "11_HelloAnimation", "VGP334\11_HelloAnimation\11_HelloAnimation.vcxproj", "{72FD5F77-5A63-40B7-B70C-D8C995B65138}"
EndProject
Global
	GlobalSection(SolutionConfigurationPlatforms) = preSolution
		Debug|x64 = Debug|x64
		Debug|x86 = Debug|x86
		Release|x64 = Release|x64
		Release|x86 = Release|x86
	EndGlobalSection
	GlobalSection(ProjectConfigurationPlatforms) = postSolution
		{5A3039F6-874F-4D40-BD27-AA5A37CFE12F}.Debug|x64.ActiveCfg = Debug|x64
		{5A3039F6-874F-4D40-BD27-AA5A37CFE12F}.Debug|x64.Build.0 = Debug|x64
		{5A3039F6-874F-4D40-BD27-AA5A37CFE12F}.Debug|x86.ActiveCfg = Debug|Win32
		{5A3039F6-874F-4D40-BD27-AA5A37CFE12F}.Debug|x86.Build.0 = Debug|Win32
		{5A3039F6-874F-4D40-BD27-AA5A37CFE12F}.Release|x64.ActiveCfg = Release|x64
		{5A3039F6-874F-4D40-BD27-AA5A37CFE12F}.Release|x64.Build.0 = Release|x64
		{5A3039F6-874F-4D40-BD27-AA5A37CFE12F}.Release|x86.ActiveCfg = Release|Win32
		{5A3039F6-874F-4D40-BD27-AA5A37CFE12F}.Release|x86.Build.0 = Release|Win32
		{79DFB027-F97F-4A74-A511-B351A1ACC435}.Debug|x64.ActiveCfg = Debug|x64
		{79DFB027-F97F-4A74-A511-B351A1ACC435}.Debug|x64.Build.0 = Debug|x64
		{79DFB027-F97F-4A74-A511-B351A1ACC435}.Debug|x86.ActiveCfg = Debug|Win32
		{79DFB027-F97F-4A74-A511-B351A1ACC435}.Debug|x86.Build.0 = Debug|Win32
		{79DFB027-F97F-4A74-A511-B351A1ACC435}.Release|x64.ActiveCfg = Release|x64
		{79DFB027-F97F-4A74-A511-B351A1ACC435}.Release|x64.Build.0 = Release|x64
		{79DFB027-F97F-4A74-A511-B351A1ACC435}.Release|x86.ActiveCfg = Release|Win32
		{79DFB027-F97F-4A74-A511-B351A1ACC435}.Release|x86.Build.0 = Release|Win32
		{7C5605C1-6C4D-421B-A904-9893BD37AB90}.Debug|x64.ActiveCfg = Debug|x64
		{7C5605C1-6C4D-421B-A904-9893BD37AB90}.Debug|x64.Build.0 = Debug|x64
		{7C5605C1-6C4D-421B-A904-9893BD37AB90}.Debug|x86.ActiveCfg = Debug|Win32
		{7C5605C1-6C4D-421B-A904-9893BD37AB90}.Debug|x86.Build.0 = Debug|Win32
		{7C5605C1-6C4D-421B-A904-9893BD37AB90}.Release|x64.ActiveCfg = Release|x64
		{7C5605C1-6C4D-421B-A904-9893BD37AB90}.Release|x64.Build.0 = Release|x64
		{7C5605C1-6C4D-421B-A904-9893BD37AB90}.Release|x86.ActiveCfg = Release|Win32
		{7C5605C1-6C4D-421B-A904-9893BD37AB90}.Release|x86.Build.0 = Release|Win32
		{44C793C1-BBD9-497D-91CB-3D863D1150FB}.Debug|x64.ActiveCfg = Debug|x64
		{44C793C1-BBD9-497D-91CB-3D863D1150FB}.Debug|x64.Build.0 = Debug|x64
		{44C793C1-BBD9-497D-91CB-3D863D1150FB}.Debug|x86.ActiveCfg = Debug|Win32
		{44C793C1-BBD9-497D-91CB-3D863D1150FB}.Debug|x86.Build.0 = Debug|Win32
		{44C793C1-BBD9-497D-91CB-3D863D1150FB}.Release|x64.ActiveCfg = Release|x64
		{44C793C1-BBD9-497D-91CB-3D863D1150FB}.Release|x64.Build.0 = Release|x64
		{44C793C1-BBD9-497D-91CB-3D863D1150FB}.Release|x86.ActiveCfg = Release|Win32
		{44C793C1-BBD9-497D-91CB-3D863D1150FB}.Release|x86.Build.0 = Release|Win32
		{37A0C72A-85C1-43C8-B2FB-B00BD1C13727}.Debug|x64.ActiveCfg = Debug|x64
		{37A0C72A-85C1-43C8-B2FB-B00BD1C13727}.Debug|x64.Build.0 = Debug|x64
		{37A0C72A-85C1-43C8-B2FB-B00BD1C13727}.Debug|x86.ActiveCfg = Debug|Win32
		{37A0C72A-85C1-43C8-B2FB-B00BD1C13727}.Debug|x86.Build.0 = Debug|Win32
		{37A0C72A-85C1-43C8-B2FB-B00BD1C13727}.Release|x64.ActiveCfg = Release|x64
		{37A0C72A-85C1-43C8-B2FB-B00BD1C13727}.Release|x64.Build.0 = Release|x64
		{37A0C72A-85C1-43C8-B2FB-B00BD1C13727}.Release|x86.ActiveCfg = Release|Win32
		{37A0C72A-85C1-43C8-B2FB-B00BD1C13727}.Release|x86.Build.0 = Release|Win32
		{EDFD8C31-F01F-4272-A421-065157D97EE4}.Debug|x64.ActiveCfg = Debug|x64
		{EDFD8C31-F01F-4272-A421-065157D97EE4}.Debug|x64.Build.0 = Debug|x64
		{EDFD8C31-F01F-4272-A421-065157D97EE4}.Debug|x86.ActiveCfg = Debug|Win32
		{EDFD8C31-F01F-4272-A421-065157D97EE4}.Debug|x86.Build.0 = Debug|Win32
		{EDFD8C31-F01F-4272-A421-065157D97EE4}.Release|x64.ActiveCfg = Release|x64
		{EDFD8C31-F01F-4272-A421-065157D97EE4}.Release|x64.Build.0 = Release|x64
		{EDFD8C31-F01F-4272-A421-065157D97EE4}.Release|x86.ActiveCfg = Release|Win32
		{EDFD8C31-F01F-4272-A421-065157D97EE4}.Release|x86.Build.0 = Release|Win32
		{CDC4AED9-B1F2-4900-994F-11F9DA5F685F}.Debug|x64.ActiveCfg = Debug|x64
		{CDC4AED9-B1F2-4900-994F-11F9DA5F685F}.Debug|x64.Build.0 = Debug|x64
		{CDC4AED9-B1F2-4900-994F-11F9DA5F685F}.Debug|x86.ActiveCfg = Debug|Win32
		{CDC4AED9-B1F2-4900-994F-11F9DA5F685F}.Debug|x86.Build.0 = Debug|Win32
		{CDC4AED9-B1F2-4900-994F-11F9DA5F685F}.Release|x64.ActiveCfg = Release|x64
		{CDC4AED9-B1F2-4900-994F-11F9DA5F685F}.Release|x64.Build.0 = Release|x64
		{CDC4AED9-B1F2-4900-994F-11F9DA5F685F}.Release|x86.ActiveCfg = Release|Win32
		{CDC4AED9-B1F2-4900-994F-11F9DA5F685F}.Release|x86.Build.0 = Release|Win32
		{2AB6236A-8D99-492B-AC6A-3FFA138F6325}.Debug|x64.ActiveCfg = Debug|x64
		{2AB6236A-8D99-492B-AC6A-3FFA138F6325}.Debug|x64.Build.0 = Debug|x64
		{2AB6236A-8D99-492B-AC6A-3FFA138F6325}.Debug|x86.ActiveCfg = Debug|Win32
		{2AB6236A-8D99-492B-AC6A-3FFA138F6325}.Debug|x86.Build.0 = Debug|Win32
		{2AB6236A-8D99-492B-AC6A-3FFA138F6325}.Release|x64.ActiveCfg = Release|x64
		{2AB6236A-8D99-492B-AC6A-3FFA138F6325}.Release|x64.Build.0 = Release|x64
		{2AB6236A-8D99-492B-AC6A-3FFA138F6325}.Release|x86.ActiveCfg = Release|Win32
		{2AB6236A-8D99-492B-AC6A-3FFA138F6325}.Release|x86.Build.0 = Release|Win32
		{52389DE3-F991-4E55-B259-552DA91CEBD8}.Debug|x64.ActiveCfg = Debug|x64
		{52389DE3-F991-4E55-B259-552DA91CEBD8}.Debug|x64.Build.0 = Debug|x64
		{52389DE3-F991-4E55-B259-552DA91CEBD8}.Debug|x86.ActiveCfg = Debug|Win32
		{52389DE3-F991-4E55-B259-552DA91CEBD8}.Debug|x86.Build.0 = Debug|Win32
		{52389DE3-F991-4E55-B259-552DA91CEBD8}.Release|x64.ActiveCfg = Release|x64
		{52389DE3-F991-4E55-B259-552DA91CEBD8}.Release|x64.Build.0 = Release|x64
		{52389DE3-F991-4E55-B259-552DA91CEBD8}.Release|x86.ActiveCfg = Release|Win32
		{52389DE3-F991-4E55-B259-552DA91CEBD8}.Release|x86.Build.0 = Release|Win32
		{50DD43C2-8497-4FE7-A004-890F01D46472}.Debug|x64.ActiveCfg = Debug|x64
		{50DD43C2-8497-4FE7-A004-890F01D46472}.Debug|x64.Build.0 = Debug|x64
		{50DD43C2-8497-4FE7-A004-890F01D46472}.Debug|x86.ActiveCfg = Debug|Win32
		{50DD43C2-8497-4FE7-A004-890F01D46472}.Debug|x86.Build.0 = Debug|Win32
		{50DD43C2-8497-4FE7-A004-890F01D46472}.Release|x64.ActiveCfg = Release|x64
		{50DD43C2-8497-4FE7-A004-890F01D46472}.Release|x64.Build.0 = Release|x64
		{50DD43C2-8497-4FE7-A004-890F01D46472}.Release|x86.ActiveCfg = Release|Win32
		{50DD43C2-8497-4FE7-A004-890F01D46472}.Release|x86.Build.0 = Release|Win32
		{8E0C7AE2-3837-4943-9496-1D8EF371B4CC}.Debug|x64.ActiveCfg = Debug|x64
		{8E0C7AE2-3837-4943-9496-1D8EF371B4CC}.Debug|x64.Build.0 = Debug|x64
		{8E0C7AE2-3837-4943-9496-1D8EF371B4CC}.Debug|x86.ActiveCfg = Debug|Win32
		{8E0C7AE2-3837-4943-9496-1D8EF371B4CC}.Debug|x86.Build.0 = Debug|Win32
		{8E0C7AE2-3837-4943-9496-1D8EF371B4CC}.Release|x64.ActiveCfg = Release|x64
		{8E0C7AE2-3837-4943-9496-1D8EF371B4CC}.Release|x64.Build.0 = Release|x64
		{8E0C7AE2-3837-4943-9496-1D8EF371B4CC}.Release|x86.ActiveCfg = Release|Win32
		{8E0C7AE2-3837-4943-9496-1D8EF371B4CC}.Release|x86.Build.0 = Release|Win32
		{E0B52AE7-E160-4D32-BF3F-910B785E5A8E}.Debug|x64.ActiveCfg = Debug|x64
		{E0B52AE7-E160-4D32-BF3F-910B785E5A8E}.Debug|x64.Build.0 = Debug|x64
		{E0B52AE7-E160-4D32-BF3F-910B785E5A8E}.Debug|x86.ActiveCfg = Debug|Win32
		{E0B52AE7-E160-4D32-BF3F-910B785E5A8E}.Debug|x86.Build.0 = Debug|Win32
		{E0B52AE7-E160-4D32-BF3F-910B785E5A8E}.Release|x64.ActiveCfg = Release|x64
		{E0B52AE7-E160-4D32-BF3F-910B785E5A8E}.Release|x64.Build.0 = Release|x64
		{E0B52AE7-E160-4D32-BF3F-910B785E5A8E}.Release|x86.ActiveCfg = Release|Win32
		{E0B52AE7-E160-4D32-BF3F-910B785E5A8E}.Release|x86.Build.0 = Release|Win32
		{86DDB538-B07C-4B86-8FDC-F1251B0A7221}.Debug|x64.ActiveCfg = Debug|x64
		{86DDB538-B07C-4B86-8FDC-F1251B0A7221}.Debug|x64.Build.0 = Debug|x64
		{86DDB538-B07C-4B86-8FDC-F1251B0A7221}.Debug|x86.ActiveCfg = Debug|Win32
		{86DDB538-B07C-4B86-8FDC-F1251B0A7221}.Debug|x86.Build.0 = Debug|Win32
		{86DDB538-B07C-4B86-8FDC-F1251B0A7221}.Release|x64.ActiveCfg = Release|x64
		{86DDB538-B07C-4B86-8FDC-F1251B0A7221}.Release|x64.Build.0 = Release|x64
		{86DDB538-B07C-4B86-8FDC-F1251B0A7221}.Release|x86.ActiveCfg = Release|Win32
		{86DDB538-B07C-4B86-8FDC-F1251B0A7221}.Release|x86.Build.0 = Release|Win32
		{61377E5B-73F6-403C-98AD-B679A32C30B0}.Debug|x64.ActiveCfg = Debug|x64
		{61377E5B-73F6-403C-98AD-B679A32C30B0}.Debug|x64.Build.0 = Debug|x64
		{61377E5B-73F6-403C-98AD-B679A32C30B0}.Debug|x86.ActiveCfg = Debug|Win32
		{61377E5B-73F6-403C-98AD-B679A32C30B0}.Debug|x86.Build.0 = Debug|Win32
		{61377E5B-73F6-403C-98AD-B679A32C30B0}.Release|x64.ActiveCfg = Release|x64
		{61377E5B-73F6-403C-98AD-B679A32C30B0}.Release|x64.Build.0 = Release|x64
		{61377E5B-73F6-403C-98AD-B679A32C30B0}.Release|x86.ActiveCfg = Release|Win32
		{61377E5B-73F6-403C-98AD-B679A32C30B0}.Release|x86.Build.0 = Release|Win32
		{868571D8-A3F0-4107-BE67-C929DE8D131D}.Debug|x64.ActiveCfg = Debug|x64
		{868571D8-A3F0-4107-BE67-C929DE8D131D}.Debug|x64.Build.0 = Debug|x64
		{868571D8-A3F0-4107-BE67-C929DE8D131D}.Debug|x86.ActiveCfg = Debug|Win32
		{868571D8-A3F0-4107-BE67-C929DE8D131D}.Debug|x86.Build.0 = Debug|Win32
		{868571D8-A3F0-4107-BE67-C929DE8D131D}.Release|x64.ActiveCfg = Release|x64
		{868571D8-A3F0-4107-BE67-C929DE8D131D}.Release|x64.Build.0 = Release|x64
		{868571D8-A3F0-4107-BE67-C929DE8D131D}.Release|x86.ActiveCfg = Release|Win32
		{868571D8-A3F0-4107-BE67-C929DE8D131D}.Release|x86.Build.0 = Release|Win32
		{97352898-48B0-4BC7-AE82-4D77209AE991}.Debug|x64.ActiveCfg = Debug|x64
		{97352898-48B0-4BC7-AE82-4D77209AE991}.Debug|x64.Build.0 = Debug|x64
		{97352898-48B0-4BC7-AE82-4D77209AE991}.Debug|x86.ActiveCfg = Debug|Win32
		{97352898-48B0-4BC7-AE82-4D77209AE991}.Debug|x86.Build.0 = Debug|Win32
		{97352898-48B0-4BC7-AE82-4D77209AE991}.Release|x64.ActiveCfg = Release|x64
		{97352898-48B0-4BC7-AE82-4D77209AE991}.Release|x64.Build.0 = Release|x64
		{97352898-48B0-4BC7-AE82-4D77209AE991}.Release|x86.ActiveCfg = Release|Win32
		{97352898-48B0-4BC7-AE82-4D77209AE991}.Release|x86.Build.0 = Release|Win32
		{DBAA4210-495C-484E-84AF-7EBE9CDA7E48}.Debug|x64.ActiveCfg = Debug|x64
		{DBAA4210-495C-484E-84AF-7EBE9CDA7E48}.Debug|x64.Build.0 = Debug|x64
		{DBAA4210-495C-484E-84AF-7EBE9CDA7E48}.Debug|x86.ActiveCfg = Debug|Win32
		{DBAA4210-495C-484E-84AF-7EBE9CDA7E48}.Debug|x86.Build.0 = Debug|Win32
		{DBAA4210-495C-484E-84AF-7EBE9CDA7E48}.Release|x64.ActiveCfg = Release|x64
		{DBAA4210-495C-484E-84AF-7EBE9CDA7E48}.Release|x64.Build.0 = Release|x64
		{DBAA4210-495C-484E-84AF-7EBE9CDA7E48}.Release|x86.ActiveCfg = Release|Win32
		{DBAA4210-495C-484E-84AF-7EBE9CDA7E48}.Release|x86.Build.0 = Release|Win32
		{9D8AC6F0-9489-450A-AE07-54CF24476306}.Debug|x64.ActiveCfg = Debug|x64
		{9D8AC6F0-9489-450A-AE07-54CF24476306}.Debug|x64.Build.0 = Debug|x64
		{9D8AC6F0-9489-450A-AE07-54CF24476306}.Debug|x86.ActiveCfg = Debug|Win32
		{9D8AC6F0-9489-450A-AE07-54CF24476306}.Debug|x86.Build.0 = Debug|Win32
		{9D8AC6F0-9489-450A-AE07-54CF24476306}.Release|x64.ActiveCfg = Release|x64
		{9D8AC6F0-9489-450A-AE07-54CF24476306}.Release|x64.Build.0 = Release|x64
		{9D8AC6F0-9489-450A-AE07-54CF24476306}.Release|x86.ActiveCfg = Release|Win32
		{9D8AC6F0-9489-450A-AE07-54CF24476306}.Release|x86.Build.0 = Release|Win32
		{519798B1-C868-47A1-9701-2D1972EE58C8}.Debug|x64.ActiveCfg = Debug|x64
		{519798B1-C868-47A1-9701-2D1972EE58C8}.Debug|x64.Build.0 = Debug|x64
		{519798B1-C868-47A1-9701-2D1972EE58C8}.Debug|x86.ActiveCfg = Debug|Win32
		{519798B1-C868-47A1-9701-2D1972EE58C8}.Debug|x86.Build.0 = Debug|Win32
		{519798B1-C868-47A1-9701-2D1972EE58C8}.Release|x64.ActiveCfg = Release|x64
		{519798B1-C868-47A1-9701-2D1972EE58C8}.Release|x64.Build.0 = Release|x64
		{519798B1-C868-47A1-9701-2D1972EE58C8}.Release|x86.ActiveCfg = Release|Win32
		{519798B1-C868-47A1-9701-2D1972EE58C8}.Release|x86.Build.0 = Release|Win32
		{E804E018-FC48-407B-9316-3349189B470A}.Debug|x64.ActiveCfg = Debug|x64
		{E804E018-FC48-407B-9316-3349189B470A}.Debug|x64.Build.0 = Debug|x64
		{E804E018-FC48-407B-9316-3349189B470A}.Debug|x86.ActiveCfg = Debug|Win32
		{E804E018-FC48-407B-9316-3349189B470A}.Debug|x86.Build.0 = Debug|Win32
		{E804E018-FC48-407B-9316-3349189B470A}.Release|x64.ActiveCfg = Release|x64
		{E804E018-FC48-407B-9316-3349189B470A}.Release|x64.Build.0 = Release|x64
		{E804E018-FC48-407B-9316-3349189B470A}.Release|x86.ActiveCfg = Release|Win32
		{E804E018-FC48-407B-9316-3349189B470A}.Release|x86.Build.0 = Release|Win32
		{3F3711A0-5F4B-452B-8C1B-65A77CA7EFF3}.Debug|x64.ActiveCfg = Debug|x64
		{3F3711A0-5F4B-452B-8C1B-65A77CA7EFF3}.Debug|x64.Build.0 = Debug|x64
		{3F3711A0-5F4B-452B-8C1B-65A77CA7EFF3}.Debug|x86.ActiveCfg = Debug|Win32
		{3F3711A0-5F4B-452B-8C1B-65A77CA7EFF3}.Debug|x86.Build.0 = Debug|Win32
		{3F3711A0-5F4B-452B-8C1B-65A77CA7EFF3}.Release|x64.ActiveCfg = Release|x64
		{3F3711A0-5F4B-452B-8C1B-65A77CA7EFF3}.Release|x64.Build.0 = Release|x64
		{3F3711A0-5F4B-452B-8C1B-65A77CA7EFF3}.Release|x86.ActiveCfg = Release|Win32
		{3F3711A0-5F4B-452B-8C1B-65A77CA7EFF3}.Release|x86.Build.0 = Release|Win32
		{72FD5F77-5A63-40B7-B70C-D8C995B65138}.Debug|x64.ActiveCfg = Debug|x64
		{72FD5F77-5A63-40B7-B70C-D8C995B65138}.Debug|x64.Build.0 = Debug|x64
		{72FD5F77-5A63-40B7-B70C-D8C995B65138}.Debug|x86.ActiveCfg = Debug|Win32
		{72FD5F77-5A63-40B7-B70C-D8C995B65138}.Debug|x86.Build.0 = Debug|Win32
		{72FD5F77-5A63-40B7-B70C-D8C995B65138}.Release|x64.ActiveCfg = Release|x64
		{72FD5F77-5A63-40B7-B70C-D8C995B65138}.Release|x64.Build.0 = Release|x64
		{72FD5F77-5A63-40B7-B70C-D8C995B65138}.Release|x86.ActiveCfg = Release|Win32
		{72FD5F77-5A63-40B7-B70C-D8C995B65138}.Release|x86.Build.0 = Release|Win32
	EndGlobalSection
	GlobalSection(SolutionProperties) = preSolution
		HideSolutionNode = FALSE
	EndGlobalSection
	GlobalSection(NestedProjects) = preSolution
		{5A3039F6-874F-4D40-BD27-AA5A37CFE12F} = {46681977-1C26-4E05-9D86-B092E0D3F332}
		{79DFB027-F97F-4A74-A511-B351A1ACC435} = {D405D833-003F-4A0A-B831-6ACFEF26AA31}
		{7C5605C1-6C4D-421B-A904-9893BD37AB90} = {46681977-1C26-4E05-9D86-B092E0D3F332}
		{44C793C1-BBD9-497D-91CB-3D863D1150FB} = {3A258DE4-1CDF-412A-98D5-EFDD25E0AAE0}
		{37A0C72A-85C1-43C8-B2FB-B00BD1C13727} = {D405D833-003F-4A0A-B831-6ACFEF26AA31}
		{EDFD8C31-F01F-4272-A421-065157D97EE4} = {46681977-1C26-4E05-9D86-B092E0D3F332}
		{CDC4AED9-B1F2-4900-994F-11F9DA5F685F} = {D405D833-003F-4A0A-B831-6ACFEF26AA31}
		{2AB6236A-8D99-492B-AC6A-3FFA138F6325} = {42E35930-F709-4F9B-BA98-ADD6A391EF34}
		{52389DE3-F991-4E55-B259-552DA91CEBD8} = {D405D833-003F-4A0A-B831-6ACFEF26AA31}
		{5F323728-E7A0-4430-BA66-AEF0CDCC5306} = {D39F079F-F0DF-4519-8F30-3077417B793E}
		{50DD43C2-8497-4FE7-A004-890F01D46472} = {D405D833-003F-4A0A-B831-6ACFEF26AA31}
		{8E0C7AE2-3837-4943-9496-1D8EF371B4CC} = {D405D833-003F-4A0A-B831-6ACFEF26AA31}
		{E0B52AE7-E160-4D32-BF3F-910B785E5A8E} = {3FA75677-F7CA-4B59-854A-0F78C10FB5E4}
		{86DDB538-B07C-4B86-8FDC-F1251B0A7221} = {46681977-1C26-4E05-9D86-B092E0D3F332}
		{61377E5B-73F6-403C-98AD-B679A32C30B0} = {39B7746D-E15D-4D1F-BD2F-A09E92D12AAF}
		{868571D8-A3F0-4107-BE67-C929DE8D131D} = {3FA75677-F7CA-4B59-854A-0F78C10FB5E4}
		{97352898-48B0-4BC7-AE82-4D77209AE991} = {39B7746D-E15D-4D1F-BD2F-A09E92D12AAF}
		{DBAA4210-495C-484E-84AF-7EBE9CDA7E48} = {39B7746D-E15D-4D1F-BD2F-A09E92D12AAF}
		{9D8AC6F0-9489-450A-AE07-54CF24476306} = {39B7746D-E15D-4D1F-BD2F-A09E92D12AAF}
		{519798B1-C868-47A1-9701-2D1972EE58C8} = {39B7746D-E15D-4D1F-BD2F-A09E92D12AAF}
		{E804E018-FC48-407B-9316-3349189B470A} = {AF48201B-2919-4C8E-813A-99EF5D7C65E5}
		{3F3711A0-5F4B-452B-8C1B-65A77CA7EFF3} = {39B7746D-E15D-4D1F-BD2F-A09E92D12AAF}
		{72FD5F77-5A63-40B7-B70C-D8C995B65138} = {1CEF23D7-EEA4-4E40-8CFB-D62582B195C7}
	EndGlobalSection
	GlobalSection(ExtensibilityGlobals) = postSolution
		SolutionGuid = {EBFCA3AC-60AD-4682-9519-6B073BEA7BFA}
	EndGlobalSection
EndGlobal
